// !$*UTF8*$!
{
	archiveVersion = 1;
	classes = {
	};
	objectVersion = 56;
	objects = {

/* Begin PBXBuildFile section */
		3879B56F2CE5786B003D70A5 /* WellnessJourneyApp.swift in Sources */ = {isa = PBXBuildFile; fileRef = 3879B56E2CE5786B003D70A5 /* WellnessJourneyApp.swift */; };
		3879B5712CE5786B003D70A5 /* ContentView.swift in Sources */ = {isa = PBXBuildFile; fileRef = 3879B5702CE5786B003D70A5 /* ContentView.swift */; };
		3879B5732CE5786D003D70A5 /* Assets.xcassets in Resources */ = {isa = PBXBuildFile; fileRef = 3879B5722CE5786D003D70A5 /* Assets.xcassets */; };
		3879B5762CE5786D003D70A5 /* Preview Assets.xcassets in Resources */ = {isa = PBXBuildFile; fileRef = 3879B5752CE5786D003D70A5 /* Preview Assets.xcassets */; };
		3879B57D2CE578A9003D70A5 /* RatingView.swift in Sources */ = {isa = PBXBuildFile; fileRef = 3879B57C2CE578A9003D70A5 /* RatingView.swift */; };
		38A3B5A12CE6A35A0082B734 /* CatagoriesView.swift in Sources */ = {isa = PBXBuildFile; fileRef = 38A3B5A02CE6A35A0082B734 /* CatagoriesView.swift */; };
		38A3B5A52CE6C9690082B734 /* SubCategoryView.swift in Sources */ = {isa = PBXBuildFile; fileRef = 38A3B5A42CE6C9690082B734 /* SubCategoryView.swift */; };
		38A3B5A92CE6D7CC0082B734 /* PhysicalSubCategoryView.swift in Sources */ = {isa = PBXBuildFile; fileRef = 38A3B5A82CE6D7CC0082B734 /* PhysicalSubCategoryView.swift */; };
		38A3B5AB2CE714240082B734 /* ReflectionTextAreaView.swift in Sources */ = {isa = PBXBuildFile; fileRef = 38A3B5AA2CE714240082B734 /* ReflectionTextAreaView.swift */; };
		38A3B5AD2CE741C90082B734 /* TextAreaView.swift in Sources */ = {isa = PBXBuildFile; fileRef = 38A3B5AC2CE741C80082B734 /* TextAreaView.swift */; };
/* End PBXBuildFile section */

/* Begin PBXFileReference section */
		3879B56B2CE5786B003D70A5 /* WellnessJourney.app */ = {isa = PBXFileReference; explicitFileType = wrapper.application; includeInIndex = 0; path = WellnessJourney.app; sourceTree = BUILT_PRODUCTS_DIR; };
		3879B56E2CE5786B003D70A5 /* WellnessJourneyApp.swift */ = {isa = PBXFileReference; lastKnownFileType = sourcecode.swift; path = WellnessJourneyApp.swift; sourceTree = "<group>"; };
		3879B5702CE5786B003D70A5 /* ContentView.swift */ = {isa = PBXFileReference; lastKnownFileType = sourcecode.swift; path = ContentView.swift; sourceTree = "<group>"; };
		3879B5722CE5786D003D70A5 /* Assets.xcassets */ = {isa = PBXFileReference; lastKnownFileType = folder.assetcatalog; path = Assets.xcassets; sourceTree = "<group>"; };
		3879B5752CE5786D003D70A5 /* Preview Assets.xcassets */ = {isa = PBXFileReference; lastKnownFileType = folder.assetcatalog; path = "Preview Assets.xcassets"; sourceTree = "<group>"; };
		3879B57C2CE578A9003D70A5 /* RatingView.swift */ = {isa = PBXFileReference; lastKnownFileType = sourcecode.swift; path = RatingView.swift; sourceTree = "<group>"; };
		38A3B5A02CE6A35A0082B734 /* CatagoriesView.swift */ = {isa = PBXFileReference; lastKnownFileType = sourcecode.swift; path = CatagoriesView.swift; sourceTree = "<group>"; };
		38A3B5A42CE6C9690082B734 /* SubCategoryView.swift */ = {isa = PBXFileReference; lastKnownFileType = sourcecode.swift; path = SubCategoryView.swift; sourceTree = "<group>"; };
		38A3B5A82CE6D7CC0082B734 /* PhysicalSubCategoryView.swift */ = {isa = PBXFileReference; lastKnownFileType = sourcecode.swift; path = PhysicalSubCategoryView.swift; sourceTree = "<group>"; };
		38A3B5AA2CE714240082B734 /* ReflectionTextAreaView.swift */ = {isa = PBXFileReference; lastKnownFileType = sourcecode.swift; path = ReflectionTextAreaView.swift; sourceTree = "<group>"; };
		38A3B5AC2CE741C80082B734 /* TextAreaView.swift */ = {isa = PBXFileReference; lastKnownFileType = sourcecode.swift; path = TextAreaView.swift; sourceTree = "<group>"; };
/* End PBXFileReference section */

/* Begin PBXFrameworksBuildPhase section */
		3879B5682CE5786B003D70A5 /* Frameworks */ = {
			isa = PBXFrameworksBuildPhase;
			buildActionMask = 2147483647;
			files = (
			);
			runOnlyForDeploymentPostprocessing = 0;
		};
/* End PBXFrameworksBuildPhase section */

/* Begin PBXGroup section */
		3879B5622CE5786B003D70A5 = {
			isa = PBXGroup;
			children = (
				3879B56D2CE5786B003D70A5 /* WellnessJourney */,
				3879B56C2CE5786B003D70A5 /* Products */,
			);
			sourceTree = "<group>";
		};
		3879B56C2CE5786B003D70A5 /* Products */ = {
			isa = PBXGroup;
			children = (
				3879B56B2CE5786B003D70A5 /* WellnessJourney.app */,
			);
			name = Products;
			sourceTree = "<group>";
		};
		3879B56D2CE5786B003D70A5 /* WellnessJourney */ = {
			isa = PBXGroup;
			children = (
				3879B56E2CE5786B003D70A5 /* WellnessJourneyApp.swift */,
				3879B5702CE5786B003D70A5 /* ContentView.swift */,
				3879B5722CE5786D003D70A5 /* Assets.xcassets */,
				3879B5742CE5786D003D70A5 /* Preview Content */,
				3879B57C2CE578A9003D70A5 /* RatingView.swift */,
				38A3B5A02CE6A35A0082B734 /* CatagoriesView.swift */,
				38A3B5A42CE6C9690082B734 /* SubCategoryView.swift */,
				38A3B5A82CE6D7CC0082B734 /* PhysicalSubCategoryView.swift */,
				38A3B5AA2CE714240082B734 /* ReflectionTextAreaView.swift */,
				38A3B5AC2CE741C80082B734 /* TextAreaView.swift */,
			);
			path = WellnessJourney;
			sourceTree = "<group>";
		};
		3879B5742CE5786D003D70A5 /* Preview Content */ = {
			isa = PBXGroup;
			children = (
				3879B5752CE5786D003D70A5 /* Preview Assets.xcassets */,
			);
			path = "Preview Content";
			sourceTree = "<group>";
		};
/* End PBXGroup section */

/* Begin PBXNativeTarget section */
		3879B56A2CE5786B003D70A5 /* WellnessJourney */ = {
			isa = PBXNativeTarget;
			buildConfigurationList = 3879B5792CE5786D003D70A5 /* Build configuration list for PBXNativeTarget "WellnessJourney" */;
			buildPhases = (
				3879B5672CE5786B003D70A5 /* Sources */,
				3879B5682CE5786B003D70A5 /* Frameworks */,
				3879B5692CE5786B003D70A5 /* Resources */,
			);
			buildRules = (
			);
			dependencies = (
			);
			name = WellnessJourney;
			productName = WellnessJourney;
			productReference = 3879B56B2CE5786B003D70A5 /* WellnessJourney.app */;
			productType = "com.apple.product-type.application";
		};
/* End PBXNativeTarget section */

/* Begin PBXProject section */
		3879B5632CE5786B003D70A5 /* Project object */ = {
			isa = PBXProject;
			attributes = {
				BuildIndependentTargetsInParallel = 1;
				LastSwiftUpdateCheck = 1400;
				LastUpgradeCheck = 1400;
				TargetAttributes = {
					3879B56A2CE5786B003D70A5 = {
						CreatedOnToolsVersion = 14.0.1;
					};
				};
			};
			buildConfigurationList = 3879B5662CE5786B003D70A5 /* Build configuration list for PBXProject "WellnessJourney" */;
			compatibilityVersion = "Xcode 14.0";
			developmentRegion = en;
			hasScannedForEncodings = 0;
			knownRegions = (
				en,
				Base,
			);
			mainGroup = 3879B5622CE5786B003D70A5;
			productRefGroup = 3879B56C2CE5786B003D70A5 /* Products */;
			projectDirPath = "";
			projectRoot = "";
			targets = (
				3879B56A2CE5786B003D70A5 /* WellnessJourney */,
			);
		};
/* End PBXProject section */

/* Begin PBXResourcesBuildPhase section */
		3879B5692CE5786B003D70A5 /* Resources */ = {
			isa = PBXResourcesBuildPhase;
			buildActionMask = 2147483647;
			files = (
				3879B5762CE5786D003D70A5 /* Preview Assets.xcassets in Resources */,
				3879B5732CE5786D003D70A5 /* Assets.xcassets in Resources */,
			);
			runOnlyForDeploymentPostprocessing = 0;
		};
/* End PBXResourcesBuildPhase section */

/* Begin PBXSourcesBuildPhase section */
		3879B5672CE5786B003D70A5 /* Sources */ = {
			isa = PBXSourcesBuildPhase;
			buildActionMask = 2147483647;
			files = (
				38A3B5A12CE6A35A0082B734 /* CatagoriesView.swift in Sources */,
				3879B57D2CE578A9003D70A5 /* RatingView.swift in Sources */,
				3879B5712CE5786B003D70A5 /* ContentView.swift in Sources */,
				3879B56F2CE5786B003D70A5 /* WellnessJourneyApp.swift in Sources */,
				38A3B5AB2CE714240082B734 /* ReflectionTextAreaView.swift in Sources */,
				38A3B5A52CE6C9690082B734 /* SubCategoryView.swift in Sources */,
				38A3B5AD2CE741C90082B734 /* TextAreaView.swift in Sources */,
				38A3B5A92CE6D7CC0082B734 /* PhysicalSubCategoryView.swift in Sources */,
			);
			runOnlyForDeploymentPostprocessing = 0;
		};
/* End PBXSourcesBuildPhase section */

/* Begin XCBuildConfiguration section */
		3879B5772CE5786D003D70A5 /* Debug */ = {
			isa = XCBuildConfiguration;
			buildSettings = {
				ALWAYS_SEARCH_USER_PATHS = NO;
				CLANG_ANALYZER_NONNULL = YES;
				CLANG_ANALYZER_NUMBER_OBJECT_CONVERSION = YES_AGGRESSIVE;
				CLANG_CXX_LANGUAGE_STANDARD = "gnu++20";
				CLANG_ENABLE_MODULES = YES;
				CLANG_ENABLE_OBJC_ARC = YES;
				CLANG_ENABLE_OBJC_WEAK = YES;
				CLANG_WARN_BLOCK_CAPTURE_AUTORELEASING = YES;
				CLANG_WARN_BOOL_CONVERSION = YES;
				CLANG_WARN_COMMA = YES;
				CLANG_WARN_CONSTANT_CONVERSION = YES;
				CLANG_WARN_DEPRECATED_OBJC_IMPLEMENTATIONS = YES;
				CLANG_WARN_DIRECT_OBJC_ISA_USAGE = YES_ERROR;
				CLANG_WARN_DOCUMENTATION_COMMENTS = YES;
				CLANG_WARN_EMPTY_BODY = YES;
				CLANG_WARN_ENUM_CONVERSION = YES;
				CLANG_WARN_INFINITE_RECURSION = YES;
				CLANG_WARN_INT_CONVERSION = YES;
				CLANG_WARN_NON_LITERAL_NULL_CONVERSION = YES;
				CLANG_WARN_OBJC_IMPLICIT_RETAIN_SELF = YES;
				CLANG_WARN_OBJC_LITERAL_CONVERSION = YES;
				CLANG_WARN_OBJC_ROOT_CLASS = YES_ERROR;
				CLANG_WARN_QUOTED_INCLUDE_IN_FRAMEWORK_HEADER = YES;
				CLANG_WARN_RANGE_LOOP_ANALYSIS = YES;
				CLANG_WARN_STRICT_PROTOTYPES = YES;
				CLANG_WARN_SUSPICIOUS_MOVE = YES;
				CLANG_WARN_UNGUARDED_AVAILABILITY = YES_AGGRESSIVE;
				CLANG_WARN_UNREACHABLE_CODE = YES;
				CLANG_WARN__DUPLICATE_METHOD_MATCH = YES;
				COPY_PHASE_STRIP = NO;
				DEBUG_INFORMATION_FORMAT = dwarf;
				ENABLE_STRICT_OBJC_MSGSEND = YES;
				ENABLE_TESTABILITY = YES;
				GCC_C_LANGUAGE_STANDARD = gnu11;
				GCC_DYNAMIC_NO_PIC = NO;
				GCC_NO_COMMON_BLOCKS = YES;
				GCC_OPTIMIZATION_LEVEL = 0;
				GCC_PREPROCESSOR_DEFINITIONS = (
					"DEBUG=1",
					"$(inherited)",
				);
				GCC_WARN_64_TO_32_BIT_CONVERSION = YES;
				GCC_WARN_ABOUT_RETURN_TYPE = YES_ERROR;
				GCC_WARN_UNDECLARED_SELECTOR = YES;
				GCC_WARN_UNINITIALIZED_AUTOS = YES_AGGRESSIVE;
				GCC_WARN_UNUSED_FUNCTION = YES;
				GCC_WARN_UNUSED_VARIABLE = YES;
				IPHONEOS_DEPLOYMENT_TARGET = 16.0;
				MTL_ENABLE_DEBUG_INFO = INCLUDE_SOURCE;
				MTL_FAST_MATH = YES;
				ONLY_ACTIVE_ARCH = YES;
				SDKROOT = iphoneos;
				SWIFT_ACTIVE_COMPILATION_CONDITIONS = DEBUG;
				SWIFT_OPTIMIZATION_LEVEL = "-Onone";
			};
			name = Debug;
		};
		3879B5782CE5786D003D70A5 /* Release */ = {
			isa = XCBuildConfiguration;
			buildSettings = {
				ALWAYS_SEARCH_USER_PATHS = NO;
				CLANG_ANALYZER_NONNULL = YES;
				CLANG_ANALYZER_NUMBER_OBJECT_CONVERSION = YES_AGGRESSIVE;
				CLANG_CXX_LANGUAGE_STANDARD = "gnu++20";
				CLANG_ENABLE_MODULES = YES;
				CLANG_ENABLE_OBJC_ARC = YES;
				CLANG_ENABLE_OBJC_WEAK = YES;
				CLANG_WARN_BLOCK_CAPTURE_AUTORELEASING = YES;
				CLANG_WARN_BOOL_CONVERSION = YES;
				CLANG_WARN_COMMA = YES;
				CLANG_WARN_CONSTANT_CONVERSION = YES;
				CLANG_WARN_DEPRECATED_OBJC_IMPLEMENTATIONS = YES;
				CLANG_WARN_DIRECT_OBJC_ISA_USAGE = YES_ERROR;
				CLANG_WARN_DOCUMENTATION_COMMENTS = YES;
				CLANG_WARN_EMPTY_BODY = YES;
				CLANG_WARN_ENUM_CONVERSION = YES;
				CLANG_WARN_INFINITE_RECURSION = YES;
				CLANG_WARN_INT_CONVERSION = YES;
				CLANG_WARN_NON_LITERAL_NULL_CONVERSION = YES;
				CLANG_WARN_OBJC_IMPLICIT_RETAIN_SELF = YES;
				CLANG_WARN_OBJC_LITERAL_CONVERSION = YES;
				CLANG_WARN_OBJC_ROOT_CLASS = YES_ERROR;
				CLANG_WARN_QUOTED_INCLUDE_IN_FRAMEWORK_HEADER = YES;
				CLANG_WARN_RANGE_LOOP_ANALYSIS = YES;
				CLANG_WARN_STRICT_PROTOTYPES = YES;
				CLANG_WARN_SUSPICIOUS_MOVE = YES;
				CLANG_WARN_UNGUARDED_AVAILABILITY = YES_AGGRESSIVE;
				CLANG_WARN_UNREACHABLE_CODE = YES;
				CLANG_WARN__DUPLICATE_METHOD_MATCH = YES;
				COPY_PHASE_STRIP = NO;
				DEBUG_INFORMATION_FORMAT = "dwarf-with-dsym";
				ENABLE_NS_ASSERTIONS = NO;
				ENABLE_STRICT_OBJC_MSGSEND = YES;
				GCC_C_LANGUAGE_STANDARD = gnu11;
				GCC_NO_COMMON_BLOCKS = YES;
				GCC_WARN_64_TO_32_BIT_CONVERSION = YES;
				GCC_WARN_ABOUT_RETURN_TYPE = YES_ERROR;
				GCC_WARN_UNDECLARED_SELECTOR = YES;
				GCC_WARN_UNINITIALIZED_AUTOS = YES_AGGRESSIVE;
				GCC_WARN_UNUSED_FUNCTION = YES;
				GCC_WARN_UNUSED_VARIABLE = YES;
				IPHONEOS_DEPLOYMENT_TARGET = 16.0;
				MTL_ENABLE_DEBUG_INFO = NO;
				MTL_FAST_MATH = YES;
				SDKROOT = iphoneos;
				SWIFT_COMPILATION_MODE = wholemodule;
				SWIFT_OPTIMIZATION_LEVEL = "-O";
				VALIDATE_PRODUCT = YES;
			};
			name = Release;
		};
		3879B57A2CE5786D003D70A5 /* Debug */ = {
			isa = XCBuildConfiguration;
			buildSettings = {
				ASSETCATALOG_COMPILER_APPICON_NAME = AppIcon;
				ASSETCATALOG_COMPILER_GLOBAL_ACCENT_COLOR_NAME = AccentColor;
				CODE_SIGN_STYLE = Automatic;
				CURRENT_PROJECT_VERSION = 1;
				DEVELOPMENT_ASSET_PATHS = "\"WellnessJourney/Preview Content\"";
				ENABLE_PREVIEWS = YES;
				GENERATE_INFOPLIST_FILE = YES;
				INFOPLIST_KEY_UIApplicationSceneManifest_Generation = YES;
				INFOPLIST_KEY_UIApplicationSupportsIndirectInputEvents = YES;
				INFOPLIST_KEY_UILaunchScreen_Generation = YES;
				INFOPLIST_KEY_UISupportedInterfaceOrientations_iPad = "UIInterfaceOrientationPortrait UIInterfaceOrientationPortraitUpsideDown UIInterfaceOrientationLandscapeLeft UIInterfaceOrientationLandscapeRight";
				INFOPLIST_KEY_UISupportedInterfaceOrientations_iPhone = "UIInterfaceOrientationPortrait UIInterfaceOrientationLandscapeLeft UIInterfaceOrientationLandscapeRight";
				LD_RUNPATH_SEARCH_PATHS = (
					"$(inherited)",
					"@executable_path/Frameworks",
				);
				MARKETING_VERSION = 1.0;
				PRODUCT_BUNDLE_IDENTIFIER = haus.gloria.WellnessJourney;
				PRODUCT_NAME = "$(TARGET_NAME)";
				SWIFT_EMIT_LOC_STRINGS = YES;
				SWIFT_VERSION = 5.0;
				TARGETED_DEVICE_FAMILY = "1,2";
			};
			name = Debug;
		};
		3879B57B2CE5786D003D70A5 /* Release */ = {
			isa = XCBuildConfiguration;
			buildSettings = {
				ASSETCATALOG_COMPILER_APPICON_NAME = AppIcon;
				ASSETCATALOG_COMPILER_GLOBAL_ACCENT_COLOR_NAME = AccentColor;
				CODE_SIGN_STYLE = Automatic;
				CURRENT_PROJECT_VERSION = 1;
				DEVELOPMENT_ASSET_PATHS = "\"WellnessJourney/Preview Content\"";
				ENABLE_PREVIEWS = YES;
				GENERATE_INFOPLIST_FILE = YES;
				INFOPLIST_KEY_UIApplicationSceneManifest_Generation = YES;
				INFOPLIST_KEY_UIApplicationSupportsIndirectInputEvents = YES;
				INFOPLIST_KEY_UILaunchScreen_Generation = YES;
				INFOPLIST_KEY_UISupportedInterfaceOrientations_iPad = "UIInterfaceOrientationPortrait UIInterfaceOrientationPortraitUpsideDown UIInterfaceOrientationLandscapeLeft UIInterfaceOrientationLandscapeRight";
				INFOPLIST_KEY_UISupportedInterfaceOrientations_iPhone = "UIInterfaceOrientationPortrait UIInterfaceOrientationLandscapeLeft UIInterfaceOrientationLandscapeRight";
				LD_RUNPATH_SEARCH_PATHS = (
					"$(inherited)",
					"@executable_path/Frameworks",
				);
				MARKETING_VERSION = 1.0;
				PRODUCT_BUNDLE_IDENTIFIER = haus.gloria.WellnessJourney;
				PRODUCT_NAME = "$(TARGET_NAME)";
				SWIFT_EMIT_LOC_STRINGS = YES;
				SWIFT_VERSION = 5.0;
				TARGETED_DEVICE_FAMILY = "1,2";
			};
			name = Release;
		};
/* End XCBuildConfiguration section */

/* Begin XCConfigurationList section */
		3879B5662CE5786B003D70A5 /* Build configuration list for PBXProject "WellnessJourney" */ = {
			isa = XCConfigurationList;
			buildConfigurations = (
				3879B5772CE5786D003D70A5 /* Debug */,
				3879B5782CE5786D003D70A5 /* Release */,
			);
			defaultConfigurationIsVisible = 0;
			defaultConfigurationName = Release;
		};
		3879B5792CE5786D003D70A5 /* Build configuration list for PBXNativeTarget "WellnessJourney" */ = {
			isa = XCConfigurationList;
			buildConfigurations = (
				3879B57A2CE5786D003D70A5 /* Debug */,
				3879B57B2CE5786D003D70A5 /* Release */,
			);
			defaultConfigurationIsVisible = 0;
			defaultConfigurationName = Release;
		};
/* End XCConfigurationList section */
	};
	rootObject = 3879B5632CE5786B003D70A5 /* Project object */;
}
